
Microsoft Visual Studio Solution File, Format Version 12.00
# Visual Studio 15
VisualStudioVersion = 15.0.27428.2043
MinimumVisualStudioVersion = 10.0.40219.1
Project("{9A19103F-16F7-4668-BE54-9A1E7A4F7556}") = "WzyCore.Web", "WzyCore.Web\WzyCore.Web.csproj", "{08E785E4-592B-4DCF-BF83-FA403572D379}"
EndProject
Project("{2150E333-8FDC-42A3-9474-1A3956D46DE8}") = "Targets目标", "Targets目标", "{65C5D383-6A5B-4775-A40D-39F61A7ECCA5}"
EndProject
Project("{9A19103F-16F7-4668-BE54-9A1E7A4F7556}") = "WzyCore.Application.Targets", "WzyCore.Application.Targets\WzyCore.Application.Targets.csproj", "{7C3EE62B-FA42-4C78-9F8F-71600E4DE7F7}"
EndProject
Project("{2150E333-8FDC-42A3-9474-1A3956D46DE8}") = "WzyCore", "WzyCore", "{5BCEA3A8-51A0-41F9-96A5-D40480F8F4A7}"
EndProject
Project("{9A19103F-16F7-4668-BE54-9A1E7A4F7556}") = "WzyCore.Environment.Shell.Data", "WzyCore.Environment.Shell.Data\WzyCore.Environment.Shell.Data.csproj", "{5086E3A3-FC5B-4969-B125-2416203D25E3}"
EndProject
Project("{9A19103F-16F7-4668-BE54-9A1E7A4F7556}") = "WzyCore.Environment.Shell.Abstractions", "WzyCore.Environment.Shell.Abstractions\WzyCore.Environment.Shell.Abstractions.csproj", "{F296D354-102F-43D6-BF33-03B6D60935AA}"
EndProject
Project("{9A19103F-16F7-4668-BE54-9A1E7A4F7556}") = "WzyCore.Environment.Shell", "WzyCore.Environment.Shell\WzyCore.Environment.Shell.csproj", "{6FDAE1B2-6B25-4435-A49B-D602AD05EC3A}"
EndProject
Project("{9A19103F-16F7-4668-BE54-9A1E7A4F7556}") = "WzyCore.Parser.Yaml", "WzyCore.Parser.Yaml\WzyCore.Parser.Yaml.csproj", "{24EA8123-1DBD-4996-8E15-B1F85DB9EC81}"
EndProject
Project("{2150E333-8FDC-42A3-9474-1A3956D46DE8}") = "Solution Items", "Solution Items", "{3351F509-1757-4873-B20F-8837A00EFD8F}"
	ProjectSection(SolutionItems) = preProject
		README.md = README.md
	EndProjectSection
EndProject
Global
	GlobalSection(SolutionConfigurationPlatforms) = preSolution
		Debug|Any CPU = Debug|Any CPU
		Release|Any CPU = Release|Any CPU
	EndGlobalSection
	GlobalSection(ProjectConfigurationPlatforms) = postSolution
		{08E785E4-592B-4DCF-BF83-FA403572D379}.Debug|Any CPU.ActiveCfg = Debug|Any CPU
		{08E785E4-592B-4DCF-BF83-FA403572D379}.Debug|Any CPU.Build.0 = Debug|Any CPU
		{08E785E4-592B-4DCF-BF83-FA403572D379}.Release|Any CPU.ActiveCfg = Release|Any CPU
		{08E785E4-592B-4DCF-BF83-FA403572D379}.Release|Any CPU.Build.0 = Release|Any CPU
		{7C3EE62B-FA42-4C78-9F8F-71600E4DE7F7}.Debug|Any CPU.ActiveCfg = Debug|Any CPU
		{7C3EE62B-FA42-4C78-9F8F-71600E4DE7F7}.Debug|Any CPU.Build.0 = Debug|Any CPU
		{7C3EE62B-FA42-4C78-9F8F-71600E4DE7F7}.Release|Any CPU.ActiveCfg = Release|Any CPU
		{7C3EE62B-FA42-4C78-9F8F-71600E4DE7F7}.Release|Any CPU.Build.0 = Release|Any CPU
		{5086E3A3-FC5B-4969-B125-2416203D25E3}.Debug|Any CPU.ActiveCfg = Debug|Any CPU
		{5086E3A3-FC5B-4969-B125-2416203D25E3}.Debug|Any CPU.Build.0 = Debug|Any CPU
		{5086E3A3-FC5B-4969-B125-2416203D25E3}.Release|Any CPU.ActiveCfg = Release|Any CPU
		{5086E3A3-FC5B-4969-B125-2416203D25E3}.Release|Any CPU.Build.0 = Release|Any CPU
		{F296D354-102F-43D6-BF33-03B6D60935AA}.Debug|Any CPU.ActiveCfg = Debug|Any CPU
		{F296D354-102F-43D6-BF33-03B6D60935AA}.Debug|Any CPU.Build.0 = Debug|Any CPU
		{F296D354-102F-43D6-BF33-03B6D60935AA}.Release|Any CPU.ActiveCfg = Release|Any CPU
		{F296D354-102F-43D6-BF33-03B6D60935AA}.Release|Any CPU.Build.0 = Release|Any CPU
		{6FDAE1B2-6B25-4435-A49B-D602AD05EC3A}.Debug|Any CPU.ActiveCfg = Debug|Any CPU
		{6FDAE1B2-6B25-4435-A49B-D602AD05EC3A}.Debug|Any CPU.Build.0 = Debug|Any CPU
		{6FDAE1B2-6B25-4435-A49B-D602AD05EC3A}.Release|Any CPU.ActiveCfg = Release|Any CPU
		{6FDAE1B2-6B25-4435-A49B-D602AD05EC3A}.Release|Any CPU.Build.0 = Release|Any CPU
		{24EA8123-1DBD-4996-8E15-B1F85DB9EC81}.Debug|Any CPU.ActiveCfg = Debug|Any CPU
		{24EA8123-1DBD-4996-8E15-B1F85DB9EC81}.Debug|Any CPU.Build.0 = Debug|Any CPU
		{24EA8123-1DBD-4996-8E15-B1F85DB9EC81}.Release|Any CPU.ActiveCfg = Release|Any CPU
		{24EA8123-1DBD-4996-8E15-B1F85DB9EC81}.Release|Any CPU.Build.0 = Release|Any CPU
	EndGlobalSection
	GlobalSection(SolutionProperties) = preSolution
		HideSolutionNode = FALSE
	EndGlobalSection
	GlobalSection(NestedProjects) = preSolution
		{7C3EE62B-FA42-4C78-9F8F-71600E4DE7F7} = {65C5D383-6A5B-4775-A40D-39F61A7ECCA5}
		{5086E3A3-FC5B-4969-B125-2416203D25E3} = {5BCEA3A8-51A0-41F9-96A5-D40480F8F4A7}
		{F296D354-102F-43D6-BF33-03B6D60935AA} = {5BCEA3A8-51A0-41F9-96A5-D40480F8F4A7}
		{6FDAE1B2-6B25-4435-A49B-D602AD05EC3A} = {5BCEA3A8-51A0-41F9-96A5-D40480F8F4A7}
		{24EA8123-1DBD-4996-8E15-B1F85DB9EC81} = {5BCEA3A8-51A0-41F9-96A5-D40480F8F4A7}
	EndGlobalSection
	GlobalSection(ExtensibilityGlobals) = postSolution
		SolutionGuid = {97A96425-754D-4E8F-B116-02DA5899F3AC}
	EndGlobalSection
EndGlobal
